{
  "name": "libraries",
  "lockfileVersion": 3,
  "requires": true,
  "packages": {
    "": {
      "dependencies": {
        "spectral.js": "^2.0.2"
      }
    },
    "node_modules/spectral.js": {
      "version": "2.0.2",
      "resolved": "https://registry.npmjs.org/spectral.js/-/spectral.js-2.0.2.tgz",
      "integrity": "sha512-g7NA/GMc2C50ez/foALJW8DcwvwbMgW5WF0/1fmAib5AN8NkJwMVyWgkPeSGAm4D6XAFXdtz9KM4AreuV+hJsg=="
    }
  }
}
